Microsoft Visual Studio Solution File, Format Version 12.00
# Visual Studio Version 17
VisualStudioVersion = 17.5.2.0
MinimumVisualStudioVersion = 10.0.40219.1
Project("{FAE04EC0-301F-11D3-BF4B-00C04F79EFBC}") = "DesafioPerfildeRisco", "DesafioPerfildeRisco.csproj", "{4D8DC104-C863-219A-D0A2-0FC638D6A89F}"
EndProject
Global
	GlobalSection(SolutionConfigurationPlatforms) = preSolution
		Debug|Any CPU = Debug|Any CPU
		Release|Any CPU = Release|Any CPU
	EndGlobalSection
	GlobalSection(ProjectConfigurationPlatforms) = postSolution
		{4D8DC104-C863-219A-D0A2-0FC638D6A89F}.Debug|Any CPU.ActiveCfg = Debug|Any CPU
		{4D8DC104-C863-219A-D0A2-0FC638D6A89F}.Debug|Any CPU.Build.0 = Debug|Any CPU
		{4D8DC104-C863-219A-D0A2-0FC638D6A89F}.Release|Any CPU.ActiveCfg = Release|Any CPU
		{4D8DC104-C863-219A-D0A2-0FC638D6A89F}.Release|Any CPU.Build.0 = Release|Any CPU
	EndGlobalSection
	GlobalSection(SolutionProperties) = preSolution
		HideSolutionNode = FALSE
	EndGlobalSection
	GlobalSection(ExtensibilityGlobals) = postSolution
		SolutionGuid = {0258CEB4-1B38-4796-A02D-8A8D6402FC0C}
	EndGlobalSection
EndGlobal
